{
  "name": "mvp-sin-login-frontend",
  "version": "0.1.0",
  "lockfileVersion": 3,
  "requires": true,
  "packages": {
    "": {
      "name": "mvp-sin-login-frontend",
      "version": "0.1.0",
      "dependencies": {
        "@types/react": "^19.0.0",
        "@ulfblk/api-client": "^0.1.0",
        "@ulfblk/ui": "^0.1.0",
        "react": "^19.0.0"
      },
      "devDependencies": {
        "typescript": "^5.7.0"
      }
    },
    "node_modules/@types/react": {
      "version": "19.2.14",
      "resolved": "https://registry.npmjs.org/@types/react/-/react-19.2.14.tgz",
      "integrity": "sha512-ilcTH/UniCkMdtexkoCN0bI7pMcJDvmQFPvuPvmEaYA/NSfFTAgdUSLAoVjaRJm7+6PvcM+q1zYOwS4wTYMF9w==",
      "license": "MIT",
      "dependencies": {
        "csstype": "^3.2.2"
      }
    },
    "node_modules/@ulfblk/api-client": {
      "version": "0.1.1",
      "resolved": "https://registry.npmjs.org/@ulfblk/api-client/-/api-client-0.1.1.tgz",
      "integrity": "sha512-JAJvBykRHjjlQyzT1dLNCEnXnTs2u/03MNyMAOLTuut9hmMziCtKhT+9KzQ1Lk49s4URjuNwBQDlBKGv3hDwmA==",
      "license": "MIT",
      "dependencies": {
        "@ulfblk/types": "^0.1.0"
      }
    },
    "node_modules/@ulfblk/types": {
      "version": "0.1.0",
      "resolved": "https://registry.npmjs.org/@ulfblk/types/-/types-0.1.0.tgz",
      "integrity": "sha512-u6a3LZPaHTlGt/+8ZbHLuvvvCn+pr0Ufosc3inJZBKDnK+BAUWin+GaJTkzAXo2ncsIbFdZHAztvNTDMcajhXw==",
      "license": "MIT"
    },
    "node_modules/@ulfblk/ui": {
      "version": "0.1.0",
      "resolved": "https://registry.npmjs.org/@ulfblk/ui/-/ui-0.1.0.tgz",
      "integrity": "sha512-OQ3vHjulWS5Y7W1gmCHjsB8zLRS6xxuAyTl/BOQ2IOgvBuistuoJ7fTas2AFXgV8TLvQ/h8B3UHzS0g76fJoJQ==",
      "license": "MIT",
      "dependencies": {
        "clsx": "^2.1.0",
        "tailwind-merge": "^3.0.0"
      },
      "peerDependencies": {
        "tailwindcss": "^4.0.0"
      },
      "peerDependenciesMeta": {
        "tailwindcss": {
          "optional": true
        }
      }
    },
    "node_modules/clsx": {
      "version": "2.1.1",
      "resolved": "https://registry.npmjs.org/clsx/-/clsx-2.1.1.tgz",
      "integrity": "sha512-eYm0QWBtUrBWZWG0d386OGAw16Z995PiOVo2B7bjWSbHedGl5e0ZWaq65kOGgUSNesEIDkB9ISbTg/JK9dhCZA==",
      "license": "MIT",
      "engines": {
        "node": ">=6"
      }
    },
    "node_modules/csstype": {
      "version": "3.2.3",
      "resolved": "https://registry.npmjs.org/csstype/-/csstype-3.2.3.tgz",
      "integrity": "sha512-z1HGKcYy2xA8AGQfwrn0PAy+PB7X/GSj3UVJW9qKyn43xWa+gl5nXmU4qqLMRzWVLFC8KusUX8T/0kCiOYpAIQ==",
      "license": "MIT"
    },
    "node_modules/react": {
      "version": "19.2.4",
      "resolved": "https://registry.npmjs.org/react/-/react-19.2.4.tgz",
      "integrity": "sha512-9nfp2hYpCwOjAN+8TZFGhtWEwgvWHXqESH8qT89AT/lWklpLON22Lc8pEtnpsZz7VmawabSU0gCjnj8aC0euHQ==",
      "license": "MIT",
      "engines": {
        "node": ">=0.10.0"
      }
    },
    "node_modules/tailwind-merge": {
      "version": "3.5.0",
      "resolved": "https://registry.npmjs.org/tailwind-merge/-/tailwind-merge-3.5.0.tgz",
      "integrity": "sha512-I8K9wewnVDkL1NTGoqWmVEIlUcB9gFriAEkXkfCjX5ib8ezGxtR3xD7iZIxrfArjEsH7F1CHD4RFUtxefdqV/A==",
      "license": "MIT",
      "funding": {
        "type": "github",
        "url": "https://github.com/sponsors/dcastil"
      }
    },
    "node_modules/typescript": {
      "version": "5.9.3",
      "resolved": "https://registry.npmjs.org/typescript/-/typescript-5.9.3.tgz",
      "integrity": "sha512-jl1vZzPDinLr9eUt3J/t7V6FgNEw9QjvBPdysz9KfQDD41fQrC2Y4vKQdiaUpFT4bXlb1RHhLpp8wtm6M5TgSw==",
      "dev": true,
      "license": "Apache-2.0",
      "bin": {
        "tsc": "bin/tsc",
        "tsserver": "bin/tsserver"
      },
      "engines": {
        "node": ">=14.17"
      }
    }
  }
}
